
Microsoft Visual Studio Solution File, Format Version 12.00
# Visual Studio Version 16
VisualStudioVersion = 16.0.29102.190
MinimumVisualStudioVersion = 10.0.40219.1
Project("{FAE04EC0-301F-11D3-BF4B-00C04F79EFBC}") = "demo", "demo\demo.csproj", "{5399C769-0A5E-4282-AC22-05F299B0EC36}"
EndProject
Global
	GlobalSection(SolutionConfigurationPlatforms) = preSolution
		Debug|Any CPU = Debug|Any CPU
		Release|Any CPU = Release|Any CPU
	EndGlobalSection
	GlobalSection(ProjectConfigurationPlatforms) = postSolution
		{5399C769-0A5E-4282-AC22-05F299B0EC36}.Debug|Any CPU.ActiveCfg = Debug|Any CPU
		{5399C769-0A5E-4282-AC22-05F299B0EC36}.Debug|Any CPU.Build.0 = Debug|Any CPU
		{5399C769-0A5E-4282-AC22-05F299B0EC36}.Release|Any CPU.ActiveCfg = Release|Any CPU
		{5399C769-0A5E-4282-AC22-05F299B0EC36}.Release|Any CPU.Build.0 = Release|Any CPU
	EndGlobalSection
	GlobalSection(SolutionProperties) = preSolution
		HideSolutionNode = FALSE
	EndGlobalSection
	GlobalSection(ExtensibilityGlobals) = postSolution
		SolutionGuid = {48B20187-EEDE-499D-A8B8-46B37FCA0C0C}
	EndGlobalSection
EndGlobal
